// !$*UTF8*$!
{
	archiveVersion = 1;
	classes = {
	};
	objectVersion = 77;
	objects = {

/* Begin PBXBuildFile section */
		8655BD4B2F03180B00BAEA89 /* RoutineModels.swift in Sources */ = {isa = PBXBuildFile; fileRef = 8655BD482F03180B00BAEA89 /* RoutineModels.swift */; };
		8655BD4C2F03180B00BAEA89 /* RoutineViewModel.swift in Sources */ = {isa = PBXBuildFile; fileRef = 8655BD4A2F03180B00BAEA89 /* RoutineViewModel.swift */; };
		8655BD4D2F03180B00BAEA89 /* RoutineView.swift in Sources */ = {isa = PBXBuildFile; fileRef = 8655BD492F03180B00BAEA89 /* RoutineView.swift */; };
		8655BD4E2F03180B00BAEA89 /* RoutineGeneratorService.swift in Sources */ = {isa = PBXBuildFile; fileRef = 8655BD472F03180B00BAEA89 /* RoutineGeneratorService.swift */; };
		8655BD522F03184A00BAEA89 /* MeditationPlayerView.swift in Sources */ = {isa = PBXBuildFile; fileRef = 8655BD512F03184A00BAEA89 /* MeditationPlayerView.swift */; };
		8672DEB52F03DFCD00DF26B0 /* CoverPlaceholderView.swift in Sources */ = {isa = PBXBuildFile; fileRef = 8672DEB42F03DFCD00DF26B0 /* CoverPlaceholderView.swift */; };
		8672DEBD2F04026A00DF26B0 /* StoreKitManager.swift in Sources */ = {isa = PBXBuildFile; fileRef = 8672DEBC2F04026A00DF26B0 /* StoreKitManager.swift */; };
		8672DEBF2F04114000DF26B0 /* AIMeditation.storekit in Resources */ = {isa = PBXBuildFile; fileRef = 8672DEBE2F04114000DF26B0 /* AIMeditation.storekit */; };
		8672DED02F048B2A00DF26B0 /* NamePromtView.swift in Sources */ = {isa = PBXBuildFile; fileRef = 8672DECE2F048B2A00DF26B0 /* NamePromtView.swift */; };
		8672DED12F048B2A00DF26B0 /* SettingsView.swift in Sources */ = {isa = PBXBuildFile; fileRef = 8672DECF2F048B2A00DF26B0 /* SettingsView.swift */; };
		8672DED32F048BCD00DF26B0 /* Amstelvar-Italic[wdth,wght,opsz] 2.ttf in Resources */ = {isa = PBXBuildFile; fileRef = 8672DED22F048BCD00DF26B0 /* Amstelvar-Italic[wdth,wght,opsz] 2.ttf */; };
		8672DED52F048BD800DF26B0 /* FunnelDisplay-VariableFont_wght 2.ttf in Resources */ = {isa = PBXBuildFile; fileRef = 8672DED42F048BD800DF26B0 /* FunnelDisplay-VariableFont_wght 2.ttf */; };
		8672DED72F0CF34300DF26B0 /* AppLanguage.swift in Sources */ = {isa = PBXBuildFile; fileRef = 8672DED62F0CF33F00DF26B0 /* AppLanguage.swift */; };
		8672DED92F0D0E0300DF26B0 /* BreathingMood.swift in Sources */ = {isa = PBXBuildFile; fileRef = 8672DED82F0D0E0000DF26B0 /* BreathingMood.swift */; };
		8672DEDB2F0D0E7C00DF26B0 /* BreathingLog.swift in Sources */ = {isa = PBXBuildFile; fileRef = 8672DEDA2F0D0E7800DF26B0 /* BreathingLog.swift */; };
		8672DEDF2F0DC61F00DF26B0 /* AppHUD.swift in Sources */ = {isa = PBXBuildFile; fileRef = 8672DEDE2F0DC61B00DF26B0 /* AppHUD.swift */; };
		86801AB32F0E548600EB2C63 /* Analytics.swift in Sources */ = {isa = PBXBuildFile; fileRef = 86801AB22F0E548600EB2C63 /* Analytics.swift */; };
		86801AB52F0E597800EB2C63 /* ApphudManager.swift in Sources */ = {isa = PBXBuildFile; fileRef = 86801AB42F0E597800EB2C63 /* ApphudManager.swift */; };
		86801AB72F0E5E1400EB2C63 /* Keys.swift in Sources */ = {isa = PBXBuildFile; fileRef = 86801AB62F0E5E1400EB2C63 /* Keys.swift */; };
		86801AB92F0E68CF00EB2C63 /* PaywallProductVM.swift in Sources */ = {isa = PBXBuildFile; fileRef = 86801AB82F0E68CF00EB2C63 /* PaywallProductVM.swift */; };
		86CAA2572F0E974600E45F8C /* TopMostViewController.swift in Sources */ = {isa = PBXBuildFile; fileRef = 86CAA2562F0E974400E45F8C /* TopMostViewController.swift */; };
		86CAA2592F0E99ED00E45F8C /* AdMobRewardedManager.swift in Sources */ = {isa = PBXBuildFile; fileRef = 86CAA2582F0E99EB00E45F8C /* AdMobRewardedManager.swift */; };
		86CAA25B2F0E9A0400E45F8C /* UIViewController+Top.swift in Sources */ = {isa = PBXBuildFile; fileRef = 86CAA25A2F0E9A0300E45F8C /* UIViewController+Top.swift */; };
		86E6EA8A2F02A3DC00532BE2 /* Assets.xcassets in Resources */ = {isa = PBXBuildFile; fileRef = 86E6EA892F02A3DC00532BE2 /* Assets.xcassets */; };
		86E6EAA42F02A50100532BE2 /* river.mp3 in Resources */ = {isa = PBXBuildFile; fileRef = 86E6EAA32F02A50100532BE2 /* river.mp3 */; };
		86E6EAA62F02A51300532BE2 /* birds.mp3 in Resources */ = {isa = PBXBuildFile; fileRef = 86E6EAA52F02A51300532BE2 /* birds.mp3 */; };
		86E6EAA82F02A51E00532BE2 /* waves.mp3 in Resources */ = {isa = PBXBuildFile; fileRef = 86E6EAA72F02A51E00532BE2 /* waves.mp3 */; };
		86E6EAB82F02A97400532BE2 /* Config.xcconfig in Resources */ = {isa = PBXBuildFile; fileRef = 86E6EAB72F02A97400532BE2 /* Config.xcconfig */; };
		86E6EAC92F02AC9800532BE2 /* HistoryView.swift in Sources */ = {isa = PBXBuildFile; fileRef = 86E6EAC82F02AC8200532BE2 /* HistoryView.swift */; };
		86E6EACA2F02ACA000532BE2 /* GeneratorFlowView.swift in Sources */ = {isa = PBXBuildFile; fileRef = 86E6EABE2F02AA9100532BE2 /* GeneratorFlowView.swift */; };
		86E6EACB2F02ACA000532BE2 /* GeneratorViewModel.swift in Sources */ = {isa = PBXBuildFile; fileRef = 86E6EABD2F02AA7F00532BE2 /* GeneratorViewModel.swift */; };
		86E6EACC2F02ACA000532BE2 /* GeneratedResultView.swift in Sources */ = {isa = PBXBuildFile; fileRef = 86E6EAC02F02AABE00532BE2 /* GeneratedResultView.swift */; };
		86E6EACD2F02ACA000532BE2 /* GeneratorModels.swift in Sources */ = {isa = PBXBuildFile; fileRef = 86E6EABC2F02AA6F00532BE2 /* GeneratorModels.swift */; };
		86E6EACE2F02ACAB00532BE2 /* HomeView.swift in Sources */ = {isa = PBXBuildFile; fileRef = 86E6EAC72F02AC7300532BE2 /* HomeView.swift */; };
		86E6EACF2F02ACAB00532BE2 /* PaywallView.swift in Sources */ = {isa = PBXBuildFile; fileRef = 86E6EAC62F02AC5700532BE2 /* PaywallView.swift */; };
		86E6EAD02F02ACAB00532BE2 /* AppModelContainer.swift in Sources */ = {isa = PBXBuildFile; fileRef = 86E6EAC32F02AC0A00532BE2 /* AppModelContainer.swift */; };
		86E6EAD12F02ACAB00532BE2 /* OnboardingView.swift in Sources */ = {isa = PBXBuildFile; fileRef = 86E6EAC52F02AC3900532BE2 /* OnboardingView.swift */; };
		86E6EAD22F02ACAB00532BE2 /* Models.swift in Sources */ = {isa = PBXBuildFile; fileRef = 86E6EAC42F02AC1800532BE2 /* Models.swift */; };
		86E6EAD32F02ACAB00532BE2 /* MainTabView.swift in Sources */ = {isa = PBXBuildFile; fileRef = 86E6EAC22F02ABF300532BE2 /* MainTabView.swift */; };
		86E6EAD42F02ACAB00532BE2 /* RootView.swift in Sources */ = {isa = PBXBuildFile; fileRef = 86E6EAC12F02ABE100532BE2 /* RootView.swift */; };
		86E6EAD52F02ACB100532BE2 /* AppConfig.swift in Sources */ = {isa = PBXBuildFile; fileRef = 86E6EABA2F02AA1F00532BE2 /* AppConfig.swift */; };
		86E6EAD62F02ACB100532BE2 /* OpenAIClient.swift in Sources */ = {isa = PBXBuildFile; fileRef = 86E6EABB2F02AA3B00532BE2 /* OpenAIClient.swift */; };
		86E6EAD72F02ACBA00532BE2 /* SelectList.swift in Sources */ = {isa = PBXBuildFile; fileRef = 86E6EABF2F02AAAE00532BE2 /* SelectList.swift */; };
		86E6EAD92F02AD4400532BE2 /* AppBackground.swift in Sources */ = {isa = PBXBuildFile; fileRef = 86E6EAD82F02AD4000532BE2 /* AppBackground.swift */; };
		86E6EADB2F02AD5200532BE2 /* PrimaryButton.swift in Sources */ = {isa = PBXBuildFile; fileRef = 86E6EADA2F02AD4F00532BE2 /* PrimaryButton.swift */; };
		86E6EADD2F02AF4300532BE2 /* AudioPlayerService.swift in Sources */ = {isa = PBXBuildFile; fileRef = 86E6EADC2F02AF3C00532BE2 /* AudioPlayerService.swift */; };
		86E6EADF2F02AF5500532BE2 /* PlayerView.swift in Sources */ = {isa = PBXBuildFile; fileRef = 86E6EADE2F02AF5200532BE2 /* PlayerView.swift */; };
		86E6EAE12F02AF7D00532BE2 /* BackgroundPickerView.swift in Sources */ = {isa = PBXBuildFile; fileRef = 86E6EAE02F02AF7400532BE2 /* BackgroundPickerView.swift */; };
		86E6EAE72F02B9BC00532BE2 /* OpenAITTSClient.swift in Sources */ = {isa = PBXBuildFile; fileRef = 86E6EAE62F02B9B900532BE2 /* OpenAITTSClient.swift */; };
		86E6EAF42F02D75500532BE2 /* BreathingSessionView.swift in Sources */ = {isa = PBXBuildFile; fileRef = 86E6EAEE2F02D12C00532BE2 /* BreathingSessionView.swift */; };
		86E6EAF52F02D75500532BE2 /* BreathingViewModel.swift in Sources */ = {isa = PBXBuildFile; fileRef = 86E6EAF02F02D13B00532BE2 /* BreathingViewModel.swift */; };
		86E6EAF62F02D75500532BE2 /* BreathingSetupView.swift in Sources */ = {isa = PBXBuildFile; fileRef = 86E6EAE82F02D10C00532BE2 /* BreathingSetupView.swift */; };
		86E6EAF72F02D75500532BE2 /* MoodPickerView.swift in Sources */ = {isa = PBXBuildFile; fileRef = 86E6EAEA2F02D11800532BE2 /* MoodPickerView.swift */; };
		86E6EAF82F02D75500532BE2 /* BreathingPhase.swift in Sources */ = {isa = PBXBuildFile; fileRef = 86E6EAF22F02D14300532BE2 /* BreathingPhase.swift */; };
		86E6EAF92F02D75500532BE2 /* DurationPickerView.swift in Sources */ = {isa = PBXBuildFile; fileRef = 86E6EAEC2F02D12400532BE2 /* DurationPickerView.swift */; };
		90B6A05704376DFC09266756 /* Pods_AIMeditationGuide.framework in Frameworks */ = {isa = PBXBuildFile; fileRef = 4708DE144315894144C7124B /* Pods_AIMeditationGuide.framework */; };
		B1F6EB112F04C00100AAAAAA /* KenBurnsCoverView.swift in Sources */ = {isa = PBXBuildFile; fileRef = B1F6EB102F04C00100AAAAAA /* KenBurnsCoverView.swift */; };
		B1LOCAL012F05C00000AAAAAA /* Localizable.strings in Resources */ = {isa = PBXBuildFile; fileRef = B1LOCAL002F05BFF800AAAAAA /* Localizable.strings */; };
/* End PBXBuildFile section */

/* Begin PBXFileReference section */
		0ADC6AE24C2B30BB9B00682A /* Pods-AIMeditationGuide.release.xcconfig */ = {isa = PBXFileReference; includeInIndex = 1; lastKnownFileType = text.xcconfig; name = "Pods-AIMeditationGuide.release.xcconfig"; path = "Target Support Files/Pods-AIMeditationGuide/Pods-AIMeditationGuide.release.xcconfig"; sourceTree = "<group>"; };
		4708DE144315894144C7124B /* Pods_AIMeditationGuide.framework */ = {isa = PBXFileReference; explicitFileType = wrapper.framework; includeInIndex = 0; path = Pods_AIMeditationGuide.framework; sourceTree = BUILT_PRODUCTS_DIR; };
		8655BD472F03180B00BAEA89 /* RoutineGeneratorService.swift */ = {isa = PBXFileReference; lastKnownFileType = sourcecode.swift; path = RoutineGeneratorService.swift; sourceTree = "<group>"; };
		8655BD482F03180B00BAEA89 /* RoutineModels.swift */ = {isa = PBXFileReference; lastKnownFileType = sourcecode.swift; path = RoutineModels.swift; sourceTree = "<group>"; };
		8655BD492F03180B00BAEA89 /* RoutineView.swift */ = {isa = PBXFileReference; lastKnownFileType = sourcecode.swift; path = RoutineView.swift; sourceTree = "<group>"; };
		8655BD4A2F03180B00BAEA89 /* RoutineViewModel.swift */ = {isa = PBXFileReference; lastKnownFileType = sourcecode.swift; path = RoutineViewModel.swift; sourceTree = "<group>"; };
		8655BD512F03184A00BAEA89 /* MeditationPlayerView.swift */ = {isa = PBXFileReference; lastKnownFileType = sourcecode.swift; path = MeditationPlayerView.swift; sourceTree = "<group>"; };
		8672DEB42F03DFCD00DF26B0 /* CoverPlaceholderView.swift */ = {isa = PBXFileReference; lastKnownFileType = sourcecode.swift; path = CoverPlaceholderView.swift; sourceTree = "<group>"; };
		8672DEBC2F04026A00DF26B0 /* StoreKitManager.swift */ = {isa = PBXFileReference; lastKnownFileType = sourcecode.swift; path = StoreKitManager.swift; sourceTree = "<group>"; };
		8672DEBE2F04114000DF26B0 /* AIMeditation.storekit */ = {isa = PBXFileReference; lastKnownFileType = text; path = AIMeditation.storekit; sourceTree = "<group>"; };
		8672DECE2F048B2A00DF26B0 /* NamePromtView.swift */ = {isa = PBXFileReference; lastKnownFileType = sourcecode.swift; path = NamePromtView.swift; sourceTree = "<group>"; };
		8672DECF2F048B2A00DF26B0 /* SettingsView.swift */ = {isa = PBXFileReference; lastKnownFileType = sourcecode.swift; path = SettingsView.swift; sourceTree = "<group>"; };
		8672DED22F048BCD00DF26B0 /* Amstelvar-Italic[wdth,wght,opsz] 2.ttf */ = {isa = PBXFileReference; lastKnownFileType = file; path = "Amstelvar-Italic[wdth,wght,opsz] 2.ttf"; sourceTree = "<group>"; };
		8672DED42F048BD800DF26B0 /* FunnelDisplay-VariableFont_wght 2.ttf */ = {isa = PBXFileReference; lastKnownFileType = file; path = "FunnelDisplay-VariableFont_wght 2.ttf"; sourceTree = "<group>"; };
		8672DED62F0CF33F00DF26B0 /* AppLanguage.swift */ = {isa = PBXFileReference; lastKnownFileType = sourcecode.swift; path = AppLanguage.swift; sourceTree = "<group>"; };
		8672DED82F0D0E0000DF26B0 /* BreathingMood.swift */ = {isa = PBXFileReference; lastKnownFileType = sourcecode.swift; path = BreathingMood.swift; sourceTree = "<group>"; };
		8672DEDA2F0D0E7800DF26B0 /* BreathingLog.swift */ = {isa = PBXFileReference; lastKnownFileType = sourcecode.swift; path = BreathingLog.swift; sourceTree = "<group>"; };
		8672DEDE2F0DC61B00DF26B0 /* AppHUD.swift */ = {isa = PBXFileReference; lastKnownFileType = sourcecode.swift; path = AppHUD.swift; sourceTree = "<group>"; };
		86801AB22F0E548600EB2C63 /* Analytics.swift */ = {isa = PBXFileReference; lastKnownFileType = sourcecode.swift; path = Analytics.swift; sourceTree = "<group>"; };
		86801AB42F0E597800EB2C63 /* ApphudManager.swift */ = {isa = PBXFileReference; lastKnownFileType = sourcecode.swift; path = ApphudManager.swift; sourceTree = "<group>"; };
		86801AB62F0E5E1400EB2C63 /* Keys.swift */ = {isa = PBXFileReference; lastKnownFileType = sourcecode.swift; path = Keys.swift; sourceTree = "<group>"; };
		86801AB82F0E68CF00EB2C63 /* PaywallProductVM.swift */ = {isa = PBXFileReference; lastKnownFileType = sourcecode.swift; path = PaywallProductVM.swift; sourceTree = "<group>"; };
		86CAA2562F0E974400E45F8C /* TopMostViewController.swift */ = {isa = PBXFileReference; lastKnownFileType = sourcecode.swift; path = TopMostViewController.swift; sourceTree = "<group>"; };
		86CAA2582F0E99EB00E45F8C /* AdMobRewardedManager.swift */ = {isa = PBXFileReference; lastKnownFileType = sourcecode.swift; path = AdMobRewardedManager.swift; sourceTree = "<group>"; };
		86CAA25A2F0E9A0300E45F8C /* UIViewController+Top.swift */ = {isa = PBXFileReference; lastKnownFileType = sourcecode.swift; path = "UIViewController+Top.swift"; sourceTree = "<group>"; };
		86E6EA822F02A3DA00532BE2 /* AIMeditationGuide.app */ = {isa = PBXFileReference; explicitFileType = wrapper.application; includeInIndex = 0; path = AIMeditationGuide.app; sourceTree = BUILT_PRODUCTS_DIR; };
		86E6EA892F02A3DC00532BE2 /* Assets.xcassets */ = {isa = PBXFileReference; lastKnownFileType = folder.assetcatalog; path = Assets.xcassets; sourceTree = "<group>"; };
		86E6EAA32F02A50100532BE2 /* river.mp3 */ = {isa = PBXFileReference; lastKnownFileType = audio.mp3; path = river.mp3; sourceTree = "<group>"; };
		86E6EAA52F02A51300532BE2 /* birds.mp3 */ = {isa = PBXFileReference; lastKnownFileType = audio.mp3; path = birds.mp3; sourceTree = "<group>"; };
		86E6EAA72F02A51E00532BE2 /* waves.mp3 */ = {isa = PBXFileReference; lastKnownFileType = audio.mp3; path = waves.mp3; sourceTree = "<group>"; };
		86E6EAB72F02A97400532BE2 /* Config.xcconfig */ = {isa = PBXFileReference; lastKnownFileType = text.xcconfig; path = Config.xcconfig; sourceTree = "<group>"; };
		86E6EABA2F02AA1F00532BE2 /* AppConfig.swift */ = {isa = PBXFileReference; lastKnownFileType = sourcecode.swift; path = AppConfig.swift; sourceTree = "<group>"; };
		86E6EABB2F02AA3B00532BE2 /* OpenAIClient.swift */ = {isa = PBXFileReference; lastKnownFileType = sourcecode.swift; path = OpenAIClient.swift; sourceTree = "<group>"; };
		86E6EABC2F02AA6F00532BE2 /* GeneratorModels.swift */ = {isa = PBXFileReference; lastKnownFileType = sourcecode.swift; path = GeneratorModels.swift; sourceTree = "<group>"; };
		86E6EABD2F02AA7F00532BE2 /* GeneratorViewModel.swift */ = {isa = PBXFileReference; lastKnownFileType = sourcecode.swift; path = GeneratorViewModel.swift; sourceTree = "<group>"; };
		86E6EABE2F02AA9100532BE2 /* GeneratorFlowView.swift */ = {isa = PBXFileReference; lastKnownFileType = sourcecode.swift; path = GeneratorFlowView.swift; sourceTree = "<group>"; };
		86E6EABF2F02AAAE00532BE2 /* SelectList.swift */ = {isa = PBXFileReference; lastKnownFileType = sourcecode.swift; path = SelectList.swift; sourceTree = "<group>"; };
		86E6EAC02F02AABE00532BE2 /* GeneratedResultView.swift */ = {isa = PBXFileReference; lastKnownFileType = sourcecode.swift; path = GeneratedResultView.swift; sourceTree = "<group>"; };
		86E6EAC12F02ABE100532BE2 /* RootView.swift */ = {isa = PBXFileReference; lastKnownFileType = sourcecode.swift; path = RootView.swift; sourceTree = "<group>"; };
		86E6EAC22F02ABF300532BE2 /* MainTabView.swift */ = {isa = PBXFileReference; lastKnownFileType = sourcecode.swift; path = MainTabView.swift; sourceTree = "<group>"; };
		86E6EAC32F02AC0A00532BE2 /* AppModelContainer.swift */ = {isa = PBXFileReference; lastKnownFileType = sourcecode.swift; path = AppModelContainer.swift; sourceTree = "<group>"; };
		86E6EAC42F02AC1800532BE2 /* Models.swift */ = {isa = PBXFileReference; lastKnownFileType = sourcecode.swift; path = Models.swift; sourceTree = "<group>"; };
		86E6EAC52F02AC3900532BE2 /* OnboardingView.swift */ = {isa = PBXFileReference; lastKnownFileType = sourcecode.swift; path = OnboardingView.swift; sourceTree = "<group>"; };
		86E6EAC62F02AC5700532BE2 /* PaywallView.swift */ = {isa = PBXFileReference; lastKnownFileType = sourcecode.swift; path = PaywallView.swift; sourceTree = "<group>"; };
		86E6EAC72F02AC7300532BE2 /* HomeView.swift */ = {isa = PBXFileReference; lastKnownFileType = sourcecode.swift; path = HomeView.swift; sourceTree = "<group>"; };
		86E6EAC82F02AC8200532BE2 /* HistoryView.swift */ = {isa = PBXFileReference; lastKnownFileType = sourcecode.swift; path = HistoryView.swift; sourceTree = "<group>"; };
		86E6EAD82F02AD4000532BE2 /* AppBackground.swift */ = {isa = PBXFileReference; lastKnownFileType = sourcecode.swift; path = AppBackground.swift; sourceTree = "<group>"; };
		86E6EADA2F02AD4F00532BE2 /* PrimaryButton.swift */ = {isa = PBXFileReference; lastKnownFileType = sourcecode.swift; path = PrimaryButton.swift; sourceTree = "<group>"; };
		86E6EADC2F02AF3C00532BE2 /* AudioPlayerService.swift */ = {isa = PBXFileReference; lastKnownFileType = sourcecode.swift; path = AudioPlayerService.swift; sourceTree = "<group>"; };
		86E6EADE2F02AF5200532BE2 /* PlayerView.swift */ = {isa = PBXFileReference; lastKnownFileType = sourcecode.swift; path = PlayerView.swift; sourceTree = "<group>"; };
		86E6EAE02F02AF7400532BE2 /* BackgroundPickerView.swift */ = {isa = PBXFileReference; lastKnownFileType = sourcecode.swift; path = BackgroundPickerView.swift; sourceTree = "<group>"; };
		86E6EAE62F02B9B900532BE2 /* OpenAITTSClient.swift */ = {isa = PBXFileReference; lastKnownFileType = sourcecode.swift; path = OpenAITTSClient.swift; sourceTree = "<group>"; };
		86E6EAE82F02D10C00532BE2 /* BreathingSetupView.swift */ = {isa = PBXFileReference; lastKnownFileType = sourcecode.swift; path = BreathingSetupView.swift; sourceTree = "<group>"; };
		86E6EAEA2F02D11800532BE2 /* MoodPickerView.swift */ = {isa = PBXFileReference; lastKnownFileType = sourcecode.swift; path = MoodPickerView.swift; sourceTree = "<group>"; };
		86E6EAEC2F02D12400532BE2 /* DurationPickerView.swift */ = {isa = PBXFileReference; lastKnownFileType = sourcecode.swift; path = DurationPickerView.swift; sourceTree = "<group>"; };
		86E6EAEE2F02D12C00532BE2 /* BreathingSessionView.swift */ = {isa = PBXFileReference; lastKnownFileType = sourcecode.swift; path = BreathingSessionView.swift; sourceTree = "<group>"; };
		86E6EAF02F02D13B00532BE2 /* BreathingViewModel.swift */ = {isa = PBXFileReference; lastKnownFileType = sourcecode.swift; path = BreathingViewModel.swift; sourceTree = "<group>"; };
		86E6EAF22F02D14300532BE2 /* BreathingPhase.swift */ = {isa = PBXFileReference; lastKnownFileType = sourcecode.swift; path = BreathingPhase.swift; sourceTree = "<group>"; };
		B1F6EB102F04C00100AAAAAA /* KenBurnsCoverView.swift */ = {isa = PBXFileReference; lastKnownFileType = sourcecode.swift; path = KenBurnsCoverView.swift; sourceTree = "<group>"; };
		B1LOCAL032F05C01E00AAAAAA /* en */ = {isa = PBXFileReference; lastKnownFileType = text.plist.strings; name = en; path = en.lproj/Localizable.strings; sourceTree = "<group>"; };
		B1LOCAL042F05C02700AAAAAA /* ru */ = {isa = PBXFileReference; lastKnownFileType = text.plist.strings; name = ru; path = ru.lproj/Localizable.strings; sourceTree = "<group>"; };
		DF0FF6D086CBEB9D5CA82F43 /* Pods-AIMeditationGuide.debug.xcconfig */ = {isa = PBXFileReference; includeInIndex = 1; lastKnownFileType = text.xcconfig; name = "Pods-AIMeditationGuide.debug.xcconfig"; path = "Target Support Files/Pods-AIMeditationGuide/Pods-AIMeditationGuide.debug.xcconfig"; sourceTree = "<group>"; };
/* End PBXFileReference section */

/* Begin PBXFileSystemSynchronizedBuildFileExceptionSet section */
		86E6EAB42F02A77400532BE2 /* Exceptions for "AIMeditationGuide" folder in "AIMeditationGuide" target */ = {
			isa = PBXFileSystemSynchronizedBuildFileExceptionSet;
			membershipExceptions = (
				Info.plist,
			);
			target = 86E6EA812F02A3DA00532BE2 /* AIMeditationGuide */;
		};
/* End PBXFileSystemSynchronizedBuildFileExceptionSet section */

/* Begin PBXFileSystemSynchronizedRootGroup section */
		86E6EA842F02A3DA00532BE2 /* AIMeditationGuide */ = {
			isa = PBXFileSystemSynchronizedRootGroup;
			exceptions = (
				86E6EAB42F02A77400532BE2 /* Exceptions for "AIMeditationGuide" folder in "AIMeditationGuide" target */,
			);
			path = AIMeditationGuide;
			sourceTree = "<group>";
		};
/* End PBXFileSystemSynchronizedRootGroup section */

/* Begin PBXFrameworksBuildPhase section */
		86E6EA7F2F02A3DA00532BE2 /* Frameworks */ = {
			isa = PBXFrameworksBuildPhase;
			buildActionMask = 2147483647;
			files = (
				90B6A05704376DFC09266756 /* Pods_AIMeditationGuide.framework in Frameworks */,
			);
			runOnlyForDeploymentPostprocessing = 0;
		};
/* End PBXFrameworksBuildPhase section */

/* Begin PBXGroup section */
		4D557E985366AFDC7CBA63D5 /* Pods */ = {
			isa = PBXGroup;
			children = (
				DF0FF6D086CBEB9D5CA82F43 /* Pods-AIMeditationGuide.debug.xcconfig */,
				0ADC6AE24C2B30BB9B00682A /* Pods-AIMeditationGuide.release.xcconfig */,
			);
			path = Pods;
			sourceTree = "<group>";
		};
		86801AB02F0E547800EB2C63 /* Analytics */ = {
			isa = PBXGroup;
			children = (
				86801AB22F0E548600EB2C63 /* Analytics.swift */,
			);
			path = Analytics;
			sourceTree = "<group>";
		};
		86E6EA792F02A3DA00532BE2 = {
			isa = PBXGroup;
			children = (
				8672DED42F048BD800DF26B0 /* FunnelDisplay-VariableFont_wght 2.ttf */,
				8672DED22F048BCD00DF26B0 /* Amstelvar-Italic[wdth,wght,opsz] 2.ttf */,
				86E6EAA12F02A49E00532BE2 /* Resources */,
				86E6EA982F02A45800532BE2 /* Features */,
				86E6EA932F02A43800532BE2 /* Core */,
				86E6EA922F02A43300532BE2 /* Config */,
				86E6EA912F02A42E00532BE2 /* App */,
				86E6EA842F02A3DA00532BE2 /* AIMeditationGuide */,
				86E6EA832F02A3DA00532BE2 /* Products */,
				4D557E985366AFDC7CBA63D5 /* Pods */,
				BC115B3629D9EB8C3051BCF8 /* Frameworks */,
			);
			sourceTree = "<group>";
		};
		86E6EA832F02A3DA00532BE2 /* Products */ = {
			isa = PBXGroup;
			children = (
				86E6EA822F02A3DA00532BE2 /* AIMeditationGuide.app */,
			);
			name = Products;
			sourceTree = "<group>";
		};
		86E6EA912F02A42E00532BE2 /* App */ = {
			isa = PBXGroup;
			children = (
				86CAA25A2F0E9A0300E45F8C /* UIViewController+Top.swift */,
				86CAA2582F0E99EB00E45F8C /* AdMobRewardedManager.swift */,
				86CAA2562F0E974400E45F8C /* TopMostViewController.swift */,
				86801AB82F0E68CF00EB2C63 /* PaywallProductVM.swift */,
				86801AB42F0E597800EB2C63 /* ApphudManager.swift */,
				8672DED62F0CF33F00DF26B0 /* AppLanguage.swift */,
				86E6EAC22F02ABF300532BE2 /* MainTabView.swift */,
				86E6EAC12F02ABE100532BE2 /* RootView.swift */,
				8672DEBE2F04114000DF26B0 /* AIMeditation.storekit */,
			);
			path = App;
			sourceTree = "<group>";
		};
		86E6EA922F02A43300532BE2 /* Config */ = {
			isa = PBXGroup;
			children = (
				86801AB62F0E5E1400EB2C63 /* Keys.swift */,
				86E6EAB72F02A97400532BE2 /* Config.xcconfig */,
			);
			path = Config;
			sourceTree = "<group>";
		};
		86E6EA932F02A43800532BE2 /* Core */ = {
			isa = PBXGroup;
			children = (
				86801AB02F0E547800EB2C63 /* Analytics */,
				86E6EAB92F02AA1600532BE2 /* Networking */,
				86E6EA972F02A45000532BE2 /* Storage */,
				86E6EA962F02A44B00532BE2 /* Audio */,
				86E6EA952F02A44500532BE2 /* Components */,
				86E6EA942F02A44000532BE2 /* Theme */,
			);
			path = Core;
			sourceTree = "<group>";
		};
		86E6EA942F02A44000532BE2 /* Theme */ = {
			isa = PBXGroup;
			children = (
				86E6EAD82F02AD4000532BE2 /* AppBackground.swift */,
			);
			path = Theme;
			sourceTree = "<group>";
		};
		86E6EA952F02A44500532BE2 /* Components */ = {
			isa = PBXGroup;
			children = (
				8672DEDE2F0DC61B00DF26B0 /* AppHUD.swift */,
				8672DEB42F03DFCD00DF26B0 /* CoverPlaceholderView.swift */,
				B1F6EB102F04C00100AAAAAA /* KenBurnsCoverView.swift */,
				86E6EADA2F02AD4F00532BE2 /* PrimaryButton.swift */,
				86E6EABF2F02AAAE00532BE2 /* SelectList.swift */,
			);
			path = Components;
			sourceTree = "<group>";
		};
		86E6EA962F02A44B00532BE2 /* Audio */ = {
			isa = PBXGroup;
			children = (
				86E6EADC2F02AF3C00532BE2 /* AudioPlayerService.swift */,
			);
			path = Audio;
			sourceTree = "<group>";
		};
		86E6EA972F02A45000532BE2 /* Storage */ = {
			isa = PBXGroup;
			children = (
				86E6EAC42F02AC1800532BE2 /* Models.swift */,
				86E6EAC32F02AC0A00532BE2 /* AppModelContainer.swift */,
			);
			path = Storage;
			sourceTree = "<group>";
		};
		86E6EA982F02A45800532BE2 /* Features */ = {
			isa = PBXGroup;
			children = (
				86E6EAA02F02A49600532BE2 /* History */,
				86E6EA9F2F02A48300532BE2 /* Routine */,
				86E6EA9E2F02A47B00532BE2 /* Breathing */,
				86E6EA9D2F02A47600532BE2 /* Player */,
				86E6EA9C2F02A47000532BE2 /* Generator */,
				86E6EA9B2F02A46C00532BE2 /* Home */,
				86E6EA9A2F02A46600532BE2 /* Paywall */,
				86E6EA992F02A46000532BE2 /* Onboarding */,
			);
			path = Features;
			sourceTree = "<group>";
		};
		86E6EA992F02A46000532BE2 /* Onboarding */ = {
			isa = PBXGroup;
			children = (
				86E6EAC52F02AC3900532BE2 /* OnboardingView.swift */,
			);
			path = Onboarding;
			sourceTree = "<group>";
		};
		86E6EA9A2F02A46600532BE2 /* Paywall */ = {
			isa = PBXGroup;
			children = (
				8672DEBC2F04026A00DF26B0 /* StoreKitManager.swift */,
				86E6EAC62F02AC5700532BE2 /* PaywallView.swift */,
			);
			path = Paywall;
			sourceTree = "<group>";
		};
		86E6EA9B2F02A46C00532BE2 /* Home */ = {
			isa = PBXGroup;
			children = (
				8672DECE2F048B2A00DF26B0 /* NamePromtView.swift */,
				8672DECF2F048B2A00DF26B0 /* SettingsView.swift */,
				86E6EAC72F02AC7300532BE2 /* HomeView.swift */,
			);
			path = Home;
			sourceTree = "<group>";
		};
		86E6EA9C2F02A47000532BE2 /* Generator */ = {
			isa = PBXGroup;
			children = (
				86E6EAC02F02AABE00532BE2 /* GeneratedResultView.swift */,
				86E6EABE2F02AA9100532BE2 /* GeneratorFlowView.swift */,
				86E6EABD2F02AA7F00532BE2 /* GeneratorViewModel.swift */,
				86E6EABC2F02AA6F00532BE2 /* GeneratorModels.swift */,
			);
			path = Generator;
			sourceTree = "<group>";
		};
		86E6EA9D2F02A47600532BE2 /* Player */ = {
			isa = PBXGroup;
			children = (
				86E6EAE02F02AF7400532BE2 /* BackgroundPickerView.swift */,
				86E6EADE2F02AF5200532BE2 /* PlayerView.swift */,
			);
			path = Player;
			sourceTree = "<group>";
		};
		86E6EA9E2F02A47B00532BE2 /* Breathing */ = {
			isa = PBXGroup;
			children = (
				8672DEDA2F0D0E7800DF26B0 /* BreathingLog.swift */,
				8672DED82F0D0E0000DF26B0 /* BreathingMood.swift */,
				86E6EAF22F02D14300532BE2 /* BreathingPhase.swift */,
				86E6EAF02F02D13B00532BE2 /* BreathingViewModel.swift */,
				86E6EAEE2F02D12C00532BE2 /* BreathingSessionView.swift */,
				86E6EAEC2F02D12400532BE2 /* DurationPickerView.swift */,
				86E6EAEA2F02D11800532BE2 /* MoodPickerView.swift */,
				86E6EAE82F02D10C00532BE2 /* BreathingSetupView.swift */,
			);
			path = Breathing;
			sourceTree = "<group>";
		};
		86E6EA9F2F02A48300532BE2 /* Routine */ = {
			isa = PBXGroup;
			children = (
				8655BD472F03180B00BAEA89 /* RoutineGeneratorService.swift */,
				8655BD482F03180B00BAEA89 /* RoutineModels.swift */,
				8655BD492F03180B00BAEA89 /* RoutineView.swift */,
				8655BD4A2F03180B00BAEA89 /* RoutineViewModel.swift */,
			);
			path = Routine;
			sourceTree = "<group>";
		};
		86E6EAA02F02A49600532BE2 /* History */ = {
			isa = PBXGroup;
			children = (
				8655BD512F03184A00BAEA89 /* MeditationPlayerView.swift */,
				86E6EAC82F02AC8200532BE2 /* HistoryView.swift */,
			);
			path = History;
			sourceTree = "<group>";
		};
		86E6EAA12F02A49E00532BE2 /* Resources */ = {
			isa = PBXGroup;
			children = (
				B1LOCAL002F05BFF800AAAAAA /* Localizable.strings */,
				86E6EA892F02A3DC00532BE2 /* Assets.xcassets */,
				86E6EAA22F02A4A700532BE2 /* Sounds */,
			);
			path = Resources;
			sourceTree = "<group>";
		};
		86E6EAA22F02A4A700532BE2 /* Sounds */ = {
			isa = PBXGroup;
			children = (
				86E6EAA72F02A51E00532BE2 /* waves.mp3 */,
				86E6EAA52F02A51300532BE2 /* birds.mp3 */,
				86E6EAA32F02A50100532BE2 /* river.mp3 */,
			);
			path = Sounds;
			sourceTree = "<group>";
		};
		86E6EAB92F02AA1600532BE2 /* Networking */ = {
			isa = PBXGroup;
			children = (
				86E6EAE62F02B9B900532BE2 /* OpenAITTSClient.swift */,
				86E6EABB2F02AA3B00532BE2 /* OpenAIClient.swift */,
				86E6EABA2F02AA1F00532BE2 /* AppConfig.swift */,
			);
			path = Networking;
			sourceTree = "<group>";
		};
		BC115B3629D9EB8C3051BCF8 /* Frameworks */ = {
			isa = PBXGroup;
			children = (
				4708DE144315894144C7124B /* Pods_AIMeditationGuide.framework */,
			);
			name = Frameworks;
			sourceTree = "<group>";
		};
/* End PBXGroup section */

/* Begin PBXNativeTarget section */
		86E6EA812F02A3DA00532BE2 /* AIMeditationGuide */ = {
			isa = PBXNativeTarget;
			buildConfigurationList = 86E6EA8D2F02A3DC00532BE2 /* Build configuration list for PBXNativeTarget "AIMeditationGuide" */;
			buildPhases = (
				D2F8B1CF9A46DAD51ED2FB04 /* [CP] Check Pods Manifest.lock */,
				86E6EA7E2F02A3DA00532BE2 /* Sources */,
				86E6EA7F2F02A3DA00532BE2 /* Frameworks */,
				86E6EA802F02A3DA00532BE2 /* Resources */,
				33CA3B65CEA3529FE326478A /* [CP] Copy Pods Resources */,
			);
			buildRules = (
			);
			dependencies = (
			);
			fileSystemSynchronizedGroups = (
				86E6EA842F02A3DA00532BE2 /* AIMeditationGuide */,
			);
			name = AIMeditationGuide;
			productName = AIMeditationGuide;
			productReference = 86E6EA822F02A3DA00532BE2 /* AIMeditationGuide.app */;
			productType = "com.apple.product-type.application";
		};
/* End PBXNativeTarget section */

/* Begin PBXProject section */
		86E6EA7A2F02A3DA00532BE2 /* Project object */ = {
			isa = PBXProject;
			attributes = {
				BuildIndependentTargetsInParallel = 1;
				LastSwiftUpdateCheck = 2610;
				LastUpgradeCheck = 2610;
				TargetAttributes = {
					86E6EA812F02A3DA00532BE2 = {
						CreatedOnToolsVersion = 26.1.1;
					};
				};
			};
			buildConfigurationList = 86E6EA7D2F02A3DA00532BE2 /* Build configuration list for PBXProject "AIMeditationGuide" */;
			developmentRegion = en;
			hasScannedForEncodings = 0;
			knownRegions = (
				en,
				ru,
				Base,
			);
			mainGroup = 86E6EA792F02A3DA00532BE2;
			minimizedProjectReferenceProxies = 1;
			preferredProjectObjectVersion = 77;
			productRefGroup = 86E6EA832F02A3DA00532BE2 /* Products */;
			projectDirPath = "";
			projectRoot = "";
			targets = (
				86E6EA812F02A3DA00532BE2 /* AIMeditationGuide */,
			);
		};
/* End PBXProject section */

/* Begin PBXResourcesBuildPhase section */
		86E6EA802F02A3DA00532BE2 /* Resources */ = {
			isa = PBXResourcesBuildPhase;
			buildActionMask = 2147483647;
			files = (
				B1LOCAL012F05C00000AAAAAA /* Localizable.strings in Resources */,
				8672DEBF2F04114000DF26B0 /* AIMeditation.storekit in Resources */,
				8672DED52F048BD800DF26B0 /* FunnelDisplay-VariableFont_wght 2.ttf in Resources */,
				86E6EAA82F02A51E00532BE2 /* waves.mp3 in Resources */,
				8672DED32F048BCD00DF26B0 /* Amstelvar-Italic[wdth,wght,opsz] 2.ttf in Resources */,
				86E6EAB82F02A97400532BE2 /* Config.xcconfig in Resources */,
				86E6EAA42F02A50100532BE2 /* river.mp3 in Resources */,
				86E6EAA62F02A51300532BE2 /* birds.mp3 in Resources */,
				86E6EA8A2F02A3DC00532BE2 /* Assets.xcassets in Resources */,
			);
			runOnlyForDeploymentPostprocessing = 0;
		};
/* End PBXResourcesBuildPhase section */

/* Begin PBXShellScriptBuildPhase section */
		33CA3B65CEA3529FE326478A /* [CP] Copy Pods Resources */ = {
			isa = PBXShellScriptBuildPhase;
			buildActionMask = 2147483647;
			files = (
			);
			inputFileListPaths = (
				"${PODS_ROOT}/Target Support Files/Pods-AIMeditationGuide/Pods-AIMeditationGuide-resources-${CONFIGURATION}-input-files.xcfilelist",
			);
			inputPaths = (
			);
			name = "[CP] Copy Pods Resources";
			outputFileListPaths = (
				"${PODS_ROOT}/Target Support Files/Pods-AIMeditationGuide/Pods-AIMeditationGuide-resources-${CONFIGURATION}-output-files.xcfilelist",
			);
			outputPaths = (
			);
			runOnlyForDeploymentPostprocessing = 0;
			shellPath = /bin/sh;
			shellScript = "\"${PODS_ROOT}/Target Support Files/Pods-AIMeditationGuide/Pods-AIMeditationGuide-resources.sh\"\n";
			showEnvVarsInLog = 0;
		};
		D2F8B1CF9A46DAD51ED2FB04 /* [CP] Check Pods Manifest.lock */ = {
			isa = PBXShellScriptBuildPhase;
			buildActionMask = 2147483647;
			files = (
			);
			inputFileListPaths = (
			);
			inputPaths = (
				"${PODS_PODFILE_DIR_PATH}/Podfile.lock",
				"${PODS_ROOT}/Manifest.lock",
			);
			name = "[CP] Check Pods Manifest.lock";
			outputFileListPaths = (
			);
			outputPaths = (
				"$(DERIVED_FILE_DIR)/Pods-AIMeditationGuide-checkManifestLockResult.txt",
			);
			runOnlyForDeploymentPostprocessing = 0;
			shellPath = /bin/sh;
			shellScript = "diff \"${PODS_PODFILE_DIR_PATH}/Podfile.lock\" \"${PODS_ROOT}/Manifest.lock\" > /dev/null\nif [ $? != 0 ] ; then\n    # print error to STDERR\n    echo \"error: The sandbox is not in sync with the Podfile.lock. Run 'pod install' or update your CocoaPods installation.\" >&2\n    exit 1\nfi\n# This output is used by Xcode 'outputs' to avoid re-running this script phase.\necho \"SUCCESS\" > \"${SCRIPT_OUTPUT_FILE_0}\"\n";
			showEnvVarsInLog = 0;
		};
/* End PBXShellScriptBuildPhase section */

/* Begin PBXSourcesBuildPhase section */
		86E6EA7E2F02A3DA00532BE2 /* Sources */ = {
			isa = PBXSourcesBuildPhase;
			buildActionMask = 2147483647;
			files = (
				86E6EAE12F02AF7D00532BE2 /* BackgroundPickerView.swift in Sources */,
				86E6EAD52F02ACB100532BE2 /* AppConfig.swift in Sources */,
				8672DED02F048B2A00DF26B0 /* NamePromtView.swift in Sources */,
				8672DED12F048B2A00DF26B0 /* SettingsView.swift in Sources */,
				8655BD4B2F03180B00BAEA89 /* RoutineModels.swift in Sources */,
				8672DEDB2F0D0E7C00DF26B0 /* BreathingLog.swift in Sources */,
				8655BD4C2F03180B00BAEA89 /* RoutineViewModel.swift in Sources */,
				8655BD4D2F03180B00BAEA89 /* RoutineView.swift in Sources */,
				8655BD4E2F03180B00BAEA89 /* RoutineGeneratorService.swift in Sources */,
				86E6EAE72F02B9BC00532BE2 /* OpenAITTSClient.swift in Sources */,
				86E6EAD62F02ACB100532BE2 /* OpenAIClient.swift in Sources */,
				86E6EACE2F02ACAB00532BE2 /* HomeView.swift in Sources */,
				86E6EACF2F02ACAB00532BE2 /* PaywallView.swift in Sources */,
				86E6EAD02F02ACAB00532BE2 /* AppModelContainer.swift in Sources */,
				86E6EAD72F02ACBA00532BE2 /* SelectList.swift in Sources */,
				8672DED92F0D0E0300DF26B0 /* BreathingMood.swift in Sources */,
				86E6EAD12F02ACAB00532BE2 /* OnboardingView.swift in Sources */,
				86CAA25B2F0E9A0400E45F8C /* UIViewController+Top.swift in Sources */,
				86E6EAD92F02AD4400532BE2 /* AppBackground.swift in Sources */,
				86E6EAD22F02ACAB00532BE2 /* Models.swift in Sources */,
				86E6EADF2F02AF5500532BE2 /* PlayerView.swift in Sources */,
				8672DED72F0CF34300DF26B0 /* AppLanguage.swift in Sources */,
				86E6EAF42F02D75500532BE2 /* BreathingSessionView.swift in Sources */,
				86E6EAF52F02D75500532BE2 /* BreathingViewModel.swift in Sources */,
				86801AB52F0E597800EB2C63 /* ApphudManager.swift in Sources */,
				86E6EAF62F02D75500532BE2 /* BreathingSetupView.swift in Sources */,
				86E6EAF72F02D75500532BE2 /* MoodPickerView.swift in Sources */,
				86CAA2572F0E974600E45F8C /* TopMostViewController.swift in Sources */,
				86E6EAF82F02D75500532BE2 /* BreathingPhase.swift in Sources */,
				86801AB72F0E5E1400EB2C63 /* Keys.swift in Sources */,
				86801AB32F0E548600EB2C63 /* Analytics.swift in Sources */,
				8655BD522F03184A00BAEA89 /* MeditationPlayerView.swift in Sources */,
				86E6EAF92F02D75500532BE2 /* DurationPickerView.swift in Sources */,
				86801AB92F0E68CF00EB2C63 /* PaywallProductVM.swift in Sources */,
				86E6EAD32F02ACAB00532BE2 /* MainTabView.swift in Sources */,
				8672DEDF2F0DC61F00DF26B0 /* AppHUD.swift in Sources */,
				86E6EAD42F02ACAB00532BE2 /* RootView.swift in Sources */,
				86E6EAC92F02AC9800532BE2 /* HistoryView.swift in Sources */,
				8672DEB52F03DFCD00DF26B0 /* CoverPlaceholderView.swift in Sources */,
				B1F6EB112F04C00100AAAAAA /* KenBurnsCoverView.swift in Sources */,
				86E6EACA2F02ACA000532BE2 /* GeneratorFlowView.swift in Sources */,
				86E6EACB2F02ACA000532BE2 /* GeneratorViewModel.swift in Sources */,
				86E6EADD2F02AF4300532BE2 /* AudioPlayerService.swift in Sources */,
				86CAA2592F0E99ED00E45F8C /* AdMobRewardedManager.swift in Sources */,
				86E6EACC2F02ACA000532BE2 /* GeneratedResultView.swift in Sources */,
				8672DEBD2F04026A00DF26B0 /* StoreKitManager.swift in Sources */,
				86E6EADB2F02AD5200532BE2 /* PrimaryButton.swift in Sources */,
				86E6EACD2F02ACA000532BE2 /* GeneratorModels.swift in Sources */,
			);
			runOnlyForDeploymentPostprocessing = 0;
		};
/* End PBXSourcesBuildPhase section */

/* Begin PBXVariantGroup section */
		B1LOCAL002F05BFF800AAAAAA /* Localizable.strings */ = {
			isa = PBXVariantGroup;
			children = (
				B1LOCAL032F05C01E00AAAAAA /* en */,
				B1LOCAL042F05C02700AAAAAA /* ru */,
			);
			name = Localizable.strings;
			sourceTree = "<group>";
		};
/* End PBXVariantGroup section */

/* Begin XCBuildConfiguration section */
		86E6EA8B2F02A3DC00532BE2 /* Debug */ = {
			isa = XCBuildConfiguration;
			baseConfigurationReference = 86E6EAB72F02A97400532BE2 /* Config.xcconfig */;
			buildSettings = {
				ALWAYS_SEARCH_USER_PATHS = NO;
				ASSETCATALOG_COMPILER_GENERATE_SWIFT_ASSET_SYMBOL_EXTENSIONS = YES;
				CLANG_ANALYZER_NONNULL = YES;
				CLANG_ANALYZER_NUMBER_OBJECT_CONVERSION = YES_AGGRESSIVE;
				CLANG_CXX_LANGUAGE_STANDARD = "gnu++20";
				CLANG_ENABLE_MODULES = YES;
				CLANG_ENABLE_OBJC_ARC = YES;
				CLANG_ENABLE_OBJC_WEAK = YES;
				CLANG_WARN_BLOCK_CAPTURE_AUTORELEASING = YES;
				CLANG_WARN_BOOL_CONVERSION = YES;
				CLANG_WARN_COMMA = YES;
				CLANG_WARN_CONSTANT_CONVERSION = YES;
				CLANG_WARN_DEPRECATED_OBJC_IMPLEMENTATIONS = YES;
				CLANG_WARN_DIRECT_OBJC_ISA_USAGE = YES_ERROR;
				CLANG_WARN_DOCUMENTATION_COMMENTS = YES;
				CLANG_WARN_EMPTY_BODY = YES;
				CLANG_WARN_ENUM_CONVERSION = YES;
				CLANG_WARN_INFINITE_RECURSION = YES;
				CLANG_WARN_INT_CONVERSION = YES;
				CLANG_WARN_NON_LITERAL_NULL_CONVERSION = YES;
				CLANG_WARN_OBJC_IMPLICIT_RETAIN_SELF = YES;
				CLANG_WARN_OBJC_LITERAL_CONVERSION = YES;
				CLANG_WARN_OBJC_ROOT_CLASS = YES_ERROR;
				CLANG_WARN_QUOTED_INCLUDE_IN_FRAMEWORK_HEADER = YES;
				CLANG_WARN_RANGE_LOOP_ANALYSIS = YES;
				CLANG_WARN_STRICT_PROTOTYPES = YES;
				CLANG_WARN_SUSPICIOUS_MOVE = YES;
				CLANG_WARN_UNGUARDED_AVAILABILITY = YES_AGGRESSIVE;
				CLANG_WARN_UNREACHABLE_CODE = YES;
				CLANG_WARN__DUPLICATE_METHOD_MATCH = YES;
				COPY_PHASE_STRIP = NO;
				DEBUG_INFORMATION_FORMAT = dwarf;
				DEVELOPMENT_TEAM = H49G8BG8ZM;
				ENABLE_STRICT_OBJC_MSGSEND = YES;
				ENABLE_TESTABILITY = YES;
				ENABLE_USER_SCRIPT_SANDBOXING = YES;
				GCC_C_LANGUAGE_STANDARD = gnu17;
				GCC_DYNAMIC_NO_PIC = NO;
				GCC_NO_COMMON_BLOCKS = YES;
				GCC_OPTIMIZATION_LEVEL = 0;
				GCC_PREPROCESSOR_DEFINITIONS = (
					"DEBUG=1",
					"$(inherited)",
				);
				GCC_WARN_64_TO_32_BIT_CONVERSION = YES;
				GCC_WARN_ABOUT_RETURN_TYPE = YES_ERROR;
				GCC_WARN_UNDECLARED_SELECTOR = YES;
				GCC_WARN_UNINITIALIZED_AUTOS = YES_AGGRESSIVE;
				GCC_WARN_UNUSED_FUNCTION = YES;
				GCC_WARN_UNUSED_VARIABLE = YES;
				IPHONEOS_DEPLOYMENT_TARGET = 26.1;
				LOCALIZATION_PREFERS_STRING_CATALOGS = YES;
				MTL_ENABLE_DEBUG_INFO = INCLUDE_SOURCE;
				MTL_FAST_MATH = YES;
				ONLY_ACTIVE_ARCH = YES;
				SDKROOT = iphoneos;
				SWIFT_ACTIVE_COMPILATION_CONDITIONS = "DEBUG $(inherited)";
				SWIFT_OPTIMIZATION_LEVEL = "-Onone";
			};
			name = Debug;
		};
		86E6EA8C2F02A3DC00532BE2 /* Release */ = {
			isa = XCBuildConfiguration;
			baseConfigurationReference = 86E6EAB72F02A97400532BE2 /* Config.xcconfig */;
			buildSettings = {
				ALWAYS_SEARCH_USER_PATHS = NO;
				ASSETCATALOG_COMPILER_GENERATE_SWIFT_ASSET_SYMBOL_EXTENSIONS = YES;
				CLANG_ANALYZER_NONNULL = YES;
				CLANG_ANALYZER_NUMBER_OBJECT_CONVERSION = YES_AGGRESSIVE;
				CLANG_CXX_LANGUAGE_STANDARD = "gnu++20";
				CLANG_ENABLE_MODULES = YES;
				CLANG_ENABLE_OBJC_ARC = YES;
				CLANG_ENABLE_OBJC_WEAK = YES;
				CLANG_WARN_BLOCK_CAPTURE_AUTORELEASING = YES;
				CLANG_WARN_BOOL_CONVERSION = YES;
				CLANG_WARN_COMMA = YES;
				CLANG_WARN_CONSTANT_CONVERSION = YES;
				CLANG_WARN_DEPRECATED_OBJC_IMPLEMENTATIONS = YES;
				CLANG_WARN_DIRECT_OBJC_ISA_USAGE = YES_ERROR;
				CLANG_WARN_DOCUMENTATION_COMMENTS = YES;
				CLANG_WARN_EMPTY_BODY = YES;
				CLANG_WARN_ENUM_CONVERSION = YES;
				CLANG_WARN_INFINITE_RECURSION = YES;
				CLANG_WARN_INT_CONVERSION = YES;
				CLANG_WARN_NON_LITERAL_NULL_CONVERSION = YES;
				CLANG_WARN_OBJC_IMPLICIT_RETAIN_SELF = YES;
				CLANG_WARN_OBJC_LITERAL_CONVERSION = YES;
				CLANG_WARN_OBJC_ROOT_CLASS = YES_ERROR;
				CLANG_WARN_QUOTED_INCLUDE_IN_FRAMEWORK_HEADER = YES;
				CLANG_WARN_RANGE_LOOP_ANALYSIS = YES;
				CLANG_WARN_STRICT_PROTOTYPES = YES;
				CLANG_WARN_SUSPICIOUS_MOVE = YES;
				CLANG_WARN_UNGUARDED_AVAILABILITY = YES_AGGRESSIVE;
				CLANG_WARN_UNREACHABLE_CODE = YES;
				CLANG_WARN__DUPLICATE_METHOD_MATCH = YES;
				COPY_PHASE_STRIP = NO;
				DEBUG_INFORMATION_FORMAT = "dwarf-with-dsym";
				DEVELOPMENT_TEAM = H49G8BG8ZM;
				ENABLE_NS_ASSERTIONS = NO;
				ENABLE_STRICT_OBJC_MSGSEND = YES;
				ENABLE_USER_SCRIPT_SANDBOXING = YES;
				GCC_C_LANGUAGE_STANDARD = gnu17;
				GCC_NO_COMMON_BLOCKS = YES;
				GCC_WARN_64_TO_32_BIT_CONVERSION = YES;
				GCC_WARN_ABOUT_RETURN_TYPE = YES_ERROR;
				GCC_WARN_UNDECLARED_SELECTOR = YES;
				GCC_WARN_UNINITIALIZED_AUTOS = YES_AGGRESSIVE;
				GCC_WARN_UNUSED_FUNCTION = YES;
				GCC_WARN_UNUSED_VARIABLE = YES;
				IPHONEOS_DEPLOYMENT_TARGET = 26.1;
				LOCALIZATION_PREFERS_STRING_CATALOGS = YES;
				MTL_ENABLE_DEBUG_INFO = NO;
				MTL_FAST_MATH = YES;
				SDKROOT = iphoneos;
				SWIFT_COMPILATION_MODE = wholemodule;
				VALIDATE_PRODUCT = YES;
			};
			name = Release;
		};
		86E6EA8E2F02A3DC00532BE2 /* Debug */ = {
			isa = XCBuildConfiguration;
			baseConfigurationReference = DF0FF6D086CBEB9D5CA82F43 /* Pods-AIMeditationGuide.debug.xcconfig */;
			buildSettings = {
				ASSETCATALOG_COMPILER_APPICON_NAME = AppIcon;
				ASSETCATALOG_COMPILER_GLOBAL_ACCENT_COLOR_NAME = AccentColor;
				CODE_SIGN_STYLE = Automatic;
				CURRENT_PROJECT_VERSION = 1;
				DEVELOPMENT_TEAM = H49G8BG8ZM;
				ENABLE_PREVIEWS = YES;
				ENABLE_USER_SCRIPT_SANDBOXING = NO;
				GENERATE_INFOPLIST_FILE = YES;
				INFOPLIST_FILE = AIMeditationGuide/Info.plist;
				INFOPLIST_KEY_UIApplicationSceneManifest_Generation = YES;
				INFOPLIST_KEY_UIApplicationSupportsIndirectInputEvents = YES;
				INFOPLIST_KEY_UILaunchScreen_Generation = YES;
				INFOPLIST_KEY_UISupportedInterfaceOrientations_iPad = "UIInterfaceOrientationPortrait UIInterfaceOrientationPortraitUpsideDown UIInterfaceOrientationLandscapeLeft UIInterfaceOrientationLandscapeRight";
				INFOPLIST_KEY_UISupportedInterfaceOrientations_iPhone = "UIInterfaceOrientationPortrait UIInterfaceOrientationLandscapeLeft UIInterfaceOrientationLandscapeRight";
				LD_RUNPATH_SEARCH_PATHS = (
					"$(inherited)",
					"@executable_path/Frameworks",
				);
				MARKETING_VERSION = 1.0;
				PRODUCT_BUNDLE_IDENTIFIER = vecher.AIMeditationGuide;
				PRODUCT_NAME = "$(TARGET_NAME)";
				STRING_CATALOG_GENERATE_SYMBOLS = YES;
				SWIFT_APPROACHABLE_CONCURRENCY = YES;
				SWIFT_DEFAULT_ACTOR_ISOLATION = MainActor;
				SWIFT_EMIT_LOC_STRINGS = YES;
				SWIFT_UPCOMING_FEATURE_MEMBER_IMPORT_VISIBILITY = YES;
				SWIFT_VERSION = 5.0;
				TARGETED_DEVICE_FAMILY = "1,2";
			};
			name = Debug;
		};
		86E6EA8F2F02A3DC00532BE2 /* Release */ = {
			isa = XCBuildConfiguration;
			baseConfigurationReference = 0ADC6AE24C2B30BB9B00682A /* Pods-AIMeditationGuide.release.xcconfig */;
			buildSettings = {
				ASSETCATALOG_COMPILER_APPICON_NAME = AppIcon;
				ASSETCATALOG_COMPILER_GLOBAL_ACCENT_COLOR_NAME = AccentColor;
				CODE_SIGN_STYLE = Automatic;
				CURRENT_PROJECT_VERSION = 1;
				DEVELOPMENT_TEAM = H49G8BG8ZM;
				ENABLE_PREVIEWS = YES;
				ENABLE_USER_SCRIPT_SANDBOXING = NO;
				GENERATE_INFOPLIST_FILE = YES;
				INFOPLIST_FILE = AIMeditationGuide/Info.plist;
				INFOPLIST_KEY_UIApplicationSceneManifest_Generation = YES;
				INFOPLIST_KEY_UIApplicationSupportsIndirectInputEvents = YES;
				INFOPLIST_KEY_UILaunchScreen_Generation = YES;
				INFOPLIST_KEY_UISupportedInterfaceOrientations_iPad = "UIInterfaceOrientationPortrait UIInterfaceOrientationPortraitUpsideDown UIInterfaceOrientationLandscapeLeft UIInterfaceOrientationLandscapeRight";
				INFOPLIST_KEY_UISupportedInterfaceOrientations_iPhone = "UIInterfaceOrientationPortrait UIInterfaceOrientationLandscapeLeft UIInterfaceOrientationLandscapeRight";
				LD_RUNPATH_SEARCH_PATHS = (
					"$(inherited)",
					"@executable_path/Frameworks",
				);
				MARKETING_VERSION = 1.0;
				PRODUCT_BUNDLE_IDENTIFIER = vecher.AIMeditationGuide;
				PRODUCT_NAME = "$(TARGET_NAME)";
				STRING_CATALOG_GENERATE_SYMBOLS = YES;
				SWIFT_APPROACHABLE_CONCURRENCY = YES;
				SWIFT_DEFAULT_ACTOR_ISOLATION = MainActor;
				SWIFT_EMIT_LOC_STRINGS = YES;
				SWIFT_UPCOMING_FEATURE_MEMBER_IMPORT_VISIBILITY = YES;
				SWIFT_VERSION = 5.0;
				TARGETED_DEVICE_FAMILY = "1,2";
			};
			name = Release;
		};
/* End XCBuildConfiguration section */

/* Begin XCConfigurationList section */
		86E6EA7D2F02A3DA00532BE2 /* Build configuration list for PBXProject "AIMeditationGuide" */ = {
			isa = XCConfigurationList;
			buildConfigurations = (
				86E6EA8B2F02A3DC00532BE2 /* Debug */,
				86E6EA8C2F02A3DC00532BE2 /* Release */,
			);
			defaultConfigurationIsVisible = 0;
			defaultConfigurationName = Release;
		};
		86E6EA8D2F02A3DC00532BE2 /* Build configuration list for PBXNativeTarget "AIMeditationGuide" */ = {
			isa = XCConfigurationList;
			buildConfigurations = (
				86E6EA8E2F02A3DC00532BE2 /* Debug */,
				86E6EA8F2F02A3DC00532BE2 /* Release */,
			);
			defaultConfigurationIsVisible = 0;
			defaultConfigurationName = Release;
		};
/* End XCConfigurationList section */
	};
	rootObject = 86E6EA7A2F02A3DA00532BE2 /* Project object */;
}
